
Microsoft Visual Studio Solution File, Format Version 12.00
# Visual Studio Version 16
VisualStudioVersion = 25.0.1706.14
MinimumVisualStudioVersion = 10.0.40219.1
Project("{FAE04EC0-301F-11D3-BF4B-00C04F79EFBC}") = "2c2pTechAssign", "2c2pTechAssign\2c2pTechAssign.csproj", "{6A78FFF5-6A18-475E-B245-B848E4533562}"
EndProject
Global
	GlobalSection(SolutionConfigurationPlatforms) = preSolution
		Debug|Any CPU = Debug|Any CPU
		Release|Any CPU = Release|Any CPU
	EndGlobalSection
	GlobalSection(ProjectConfigurationPlatforms) = postSolution
		{6A78FFF5-6A18-475E-B245-B848E4533562}.Debug|Any CPU.ActiveCfg = Debug|Any CPU
		{6A78FFF5-6A18-475E-B245-B848E4533562}.Debug|Any CPU.Build.0 = Debug|Any CPU
		{6A78FFF5-6A18-475E-B245-B848E4533562}.Release|Any CPU.ActiveCfg = Release|Any CPU
		{6A78FFF5-6A18-475E-B245-B848E4533562}.Release|Any CPU.Build.0 = Release|Any CPU
	EndGlobalSection
	GlobalSection(SolutionProperties) = preSolution
		HideSolutionNode = FALSE
	EndGlobalSection
	GlobalSection(ExtensibilityGlobals) = postSolution
		SolutionGuid = {24973685-4661-45D6-9D72-D3A282E2057F}
	EndGlobalSection
EndGlobal
